
Microsoft Visual Studio Solution File, Format Version 12.00
# Visual Studio Version 17
VisualStudioVersion = 17.0.31919.166
MinimumVisualStudioVersion = 10.0.40219.1
Project("{FAE04EC0-301F-11D3-BF4B-00C04F79EFBC}") = "exercicio7-lista2", "exercicio7-lista2\exercicio7-lista2.csproj", "{8C98402A-3F3E-423F-976A-3A449526703B}"
EndProject
Global
	GlobalSection(SolutionConfigurationPlatforms) = preSolution
		Debug|Any CPU = Debug|Any CPU
		Release|Any CPU = Release|Any CPU
	EndGlobalSection
	GlobalSection(ProjectConfigurationPlatforms) = postSolution
		{8C98402A-3F3E-423F-976A-3A449526703B}.Debug|Any CPU.ActiveCfg = Debug|Any CPU
		{8C98402A-3F3E-423F-976A-3A449526703B}.Debug|Any CPU.Build.0 = Debug|Any CPU
		{8C98402A-3F3E-423F-976A-3A449526703B}.Release|Any CPU.ActiveCfg = Release|Any CPU
		{8C98402A-3F3E-423F-976A-3A449526703B}.Release|Any CPU.Build.0 = Release|Any CPU
	EndGlobalSection
	GlobalSection(SolutionProperties) = preSolution
		HideSolutionNode = FALSE
	EndGlobalSection
	GlobalSection(ExtensibilityGlobals) = postSolution
		SolutionGuid = {7973111D-240F-4138-8E5D-8B2BF86F8732}
	EndGlobalSection
EndGlobal
