
Microsoft Visual Studio Solution File, Format Version 12.00
# Visual Studio Version 17
VisualStudioVersion = 17.0.31919.166
MinimumVisualStudioVersion = 10.0.40219.1
Project("{FAE04EC0-301F-11D3-BF4B-00C04F79EFBC}") = "exercicio14-lista2", "exercicio14-lista2\exercicio14-lista2.csproj", "{452D7FC8-4431-40E8-A7E6-D99F3A9F9F72}"
EndProject
Global
	GlobalSection(SolutionConfigurationPlatforms) = preSolution
		Debug|Any CPU = Debug|Any CPU
		Release|Any CPU = Release|Any CPU
	EndGlobalSection
	GlobalSection(ProjectConfigurationPlatforms) = postSolution
		{452D7FC8-4431-40E8-A7E6-D99F3A9F9F72}.Debug|Any CPU.ActiveCfg = Debug|Any CPU
		{452D7FC8-4431-40E8-A7E6-D99F3A9F9F72}.Debug|Any CPU.Build.0 = Debug|Any CPU
		{452D7FC8-4431-40E8-A7E6-D99F3A9F9F72}.Release|Any CPU.ActiveCfg = Release|Any CPU
		{452D7FC8-4431-40E8-A7E6-D99F3A9F9F72}.Release|Any CPU.Build.0 = Release|Any CPU
	EndGlobalSection
	GlobalSection(SolutionProperties) = preSolution
		HideSolutionNode = FALSE
	EndGlobalSection
	GlobalSection(ExtensibilityGlobals) = postSolution
		SolutionGuid = {4472507C-2571-4F6C-A48E-CAB864131BB1}
	EndGlobalSection
EndGlobal
