
Microsoft Visual Studio Solution File, Format Version 12.00
# Visual Studio Version 17
VisualStudioVersion = 17.0.31919.166
MinimumVisualStudioVersion = 10.0.40219.1
Project("{FAE04EC0-301F-11D3-BF4B-00C04F79EFBC}") = "exercicio12-lista2", "exercicio12-lista2\exercicio12-lista2.csproj", "{FCB9DD82-7ABB-442F-ACD9-CA7827E50B3B}"
EndProject
Global
	GlobalSection(SolutionConfigurationPlatforms) = preSolution
		Debug|Any CPU = Debug|Any CPU
		Release|Any CPU = Release|Any CPU
	EndGlobalSection
	GlobalSection(ProjectConfigurationPlatforms) = postSolution
		{FCB9DD82-7ABB-442F-ACD9-CA7827E50B3B}.Debug|Any CPU.ActiveCfg = Debug|Any CPU
		{FCB9DD82-7ABB-442F-ACD9-CA7827E50B3B}.Debug|Any CPU.Build.0 = Debug|Any CPU
		{FCB9DD82-7ABB-442F-ACD9-CA7827E50B3B}.Release|Any CPU.ActiveCfg = Release|Any CPU
		{FCB9DD82-7ABB-442F-ACD9-CA7827E50B3B}.Release|Any CPU.Build.0 = Release|Any CPU
	EndGlobalSection
	GlobalSection(SolutionProperties) = preSolution
		HideSolutionNode = FALSE
	EndGlobalSection
	GlobalSection(ExtensibilityGlobals) = postSolution
		SolutionGuid = {16922143-7969-4448-9DA8-8EC69AC85ECA}
	EndGlobalSection
EndGlobal
