
Microsoft Visual Studio Solution File, Format Version 12.00
# Visual Studio Version 17
VisualStudioVersion = 17.0.31919.166
MinimumVisualStudioVersion = 10.0.40219.1
Project("{FAE04EC0-301F-11D3-BF4B-00C04F79EFBC}") = "exercicio2-lista2", "exercicio2-lista2\exercicio2-lista2.csproj", "{EDF6BEF1-F891-46DC-9B8E-398084A6E907}"
EndProject
Global
	GlobalSection(SolutionConfigurationPlatforms) = preSolution
		Debug|Any CPU = Debug|Any CPU
		Release|Any CPU = Release|Any CPU
	EndGlobalSection
	GlobalSection(ProjectConfigurationPlatforms) = postSolution
		{EDF6BEF1-F891-46DC-9B8E-398084A6E907}.Debug|Any CPU.ActiveCfg = Debug|Any CPU
		{EDF6BEF1-F891-46DC-9B8E-398084A6E907}.Debug|Any CPU.Build.0 = Debug|Any CPU
		{EDF6BEF1-F891-46DC-9B8E-398084A6E907}.Release|Any CPU.ActiveCfg = Release|Any CPU
		{EDF6BEF1-F891-46DC-9B8E-398084A6E907}.Release|Any CPU.Build.0 = Release|Any CPU
	EndGlobalSection
	GlobalSection(SolutionProperties) = preSolution
		HideSolutionNode = FALSE
	EndGlobalSection
	GlobalSection(ExtensibilityGlobals) = postSolution
		SolutionGuid = {ECE5A480-B491-4136-99CB-DC9E82285951}
	EndGlobalSection
EndGlobal
