
Microsoft Visual Studio Solution File, Format Version 12.00
# Visual Studio Version 17
VisualStudioVersion = 17.0.31919.166
MinimumVisualStudioVersion = 10.0.40219.1
Project("{FAE04EC0-301F-11D3-BF4B-00C04F79EFBC}") = "exercicio13-lista2", "exercicio13-lista2\exercicio13-lista2.csproj", "{60C66B83-2375-42E9-964B-A1BFE2F7C58A}"
EndProject
Global
	GlobalSection(SolutionConfigurationPlatforms) = preSolution
		Debug|Any CPU = Debug|Any CPU
		Release|Any CPU = Release|Any CPU
	EndGlobalSection
	GlobalSection(ProjectConfigurationPlatforms) = postSolution
		{60C66B83-2375-42E9-964B-A1BFE2F7C58A}.Debug|Any CPU.ActiveCfg = Debug|Any CPU
		{60C66B83-2375-42E9-964B-A1BFE2F7C58A}.Debug|Any CPU.Build.0 = Debug|Any CPU
		{60C66B83-2375-42E9-964B-A1BFE2F7C58A}.Release|Any CPU.ActiveCfg = Release|Any CPU
		{60C66B83-2375-42E9-964B-A1BFE2F7C58A}.Release|Any CPU.Build.0 = Release|Any CPU
	EndGlobalSection
	GlobalSection(SolutionProperties) = preSolution
		HideSolutionNode = FALSE
	EndGlobalSection
	GlobalSection(ExtensibilityGlobals) = postSolution
		SolutionGuid = {F07474C0-A8C3-48FA-BAD8-944B604EFDE3}
	EndGlobalSection
EndGlobal
